
Microsoft Visual Studio Solution File, Format Version 12.00
# Visual Studio Version 16
VisualStudioVersion = 16.0.30225.117
MinimumVisualStudioVersion = 10.0.40219.1
Project("{FAE04EC0-301F-11D3-BF4B-00C04F79EFBC}") = "classhomework1", "classhomework1.csproj", "{8DDCC0FE-AFD2-4380-913F-CA340BB6A928}"
EndProject
Global
	GlobalSection(SolutionConfigurationPlatforms) = preSolution
		Debug|Any CPU = Debug|Any CPU
		Release|Any CPU = Release|Any CPU
	EndGlobalSection
	GlobalSection(ProjectConfigurationPlatforms) = postSolution
		{8DDCC0FE-AFD2-4380-913F-CA340BB6A928}.Debug|Any CPU.ActiveCfg = Debug|Any CPU
		{8DDCC0FE-AFD2-4380-913F-CA340BB6A928}.Debug|Any CPU.Build.0 = Debug|Any CPU
		{8DDCC0FE-AFD2-4380-913F-CA340BB6A928}.Release|Any CPU.ActiveCfg = Release|Any CPU
		{8DDCC0FE-AFD2-4380-913F-CA340BB6A928}.Release|Any CPU.Build.0 = Release|Any CPU
	EndGlobalSection
	GlobalSection(SolutionProperties) = preSolution
		HideSolutionNode = FALSE
	EndGlobalSection
	GlobalSection(ExtensibilityGlobals) = postSolution
		SolutionGuid = {03DC8AEC-9914-4DFD-A657-F38D41CD4959}
	EndGlobalSection
EndGlobal
